schema: '2.0'
stages:
  prepare:
    cmd: python prepare.py
    deps:
    - path: data/bikeshare.txt
      hash: md5
      md5: d50bd5a6f55131e72a7bedc334e2fce1
      size: 1156736
    - path: prepare.py
      hash: md5
      md5: 4a5eed14ff74058ee457919506d2b39e
      size: 539
    outs:
    - path: data/bikeshare_prepared.txt
      hash: md5
      md5: 98ca3a2ec233888c7783eac3ff447288
      size: 1088692
  train:
    cmd: python train.py
    deps:
    - path: data/bikeshare_prepared.txt
      hash: md5
      md5: 98ca3a2ec233888c7783eac3ff447288
      size: 1088692
    - path: train.py
      hash: md5
      md5: 617c6288807be2b4b303415cb68c6505
      size: 267
    outs:
    - path: model.pkl
      hash: md5
      md5: eba044fdf71b57b9fb4611189f83baa9
      size: 1169
