schema: '2.0'
stages:
  prepare:
    cmd: python demo/prepare.py ""
    deps:
    - path: data/bikesharing/train/bikeshare_v1.0.txt
      hash: md5
      md5: 3dd8e0e9dcf8b65cacf78347b9e0df3d
      size: 980793
    - path: demo/prepare.py
      hash: md5
      md5: 2470239e557474a71906b08faa8660d9
      size: 1152
    outs:
    - path: data/bikesharing/train/bikeshare_prepared.txt
      hash: md5
      md5: c0c1560de65f61f519963426dfdef761
      size: 943188
  train:
    cmd: python demo/train.py
    deps:
    - path: data/bikesharing/train/bikeshare_prepared.txt
      hash: md5
      md5: c0c1560de65f61f519963426dfdef761
      size: 943188
    - path: demo/train.py
      hash: md5
      md5: 1be1d210b2b796d6d8eba8f20a69ea11
      size: 1340
